# This file is automatically @generated by Poetry 1.5.0 and should not be changed by hand.

[[package]]
name = "cachetools"
version = "5.3.1"
description = "Extensible memoizing collections and decorators"
optional = false
python-versions = ">=3.7"
files = [
    {file = "cachetools-5.3.1-py3-none-any.whl", hash = "sha256:95ef631eeaea14ba2e36f06437f36463aac3a096799e876ee55e5cdccb102590"},
    {file = "cachetools-5.3.1.tar.gz", hash = "sha256:dce83f2d9b4e1f732a8cd44af8e8fab2dbe46201467fc98b3ef8f269092bf62b"},
]

[[package]]
name = "types-cachetools"
version = "5.3.0.5"
description = "Typing stubs for cachetools"
optional = false
python-versions = "*"
files = [
    {file = "types-cachetools-5.3.0.5.tar.gz", hash = "sha256:67fa46d51a650896770aee0ba80f0e61dc4a7d1373198eec1bc0622263eaa256"},
    {file = "types_cachetools-5.3.0.5-py3-none-any.whl", hash = "sha256:c0c5fa00199017d974c935bf043c467d5204e4f835141e489b48765b5ac1d960"},
]

[metadata]
lock-version = "2.0"
python-versions = ">=3.10, <4.0.0"
content-hash = "2f5624fb0e17fe9c6c7ce22643f142493b25e39befc183fdc344f830aaef464f"
